# This file is automatically @generated by Poetry 2.1.1 and should not be changed by hand.

[[package]]
name = "types-pytz"
version = "2023.3.1.0"
description = "Typing stubs for pytz"
optional = false
python-versions = "*"
groups = ["main"]
files = [
    {file = "types-pytz-2023.3.1.0.tar.gz", hash = "sha256:8e7d2198cba44a72df7628887c90f68a568e1445f14db64631af50c3cab8c090"},
    {file = "types_pytz-2023.3.1.0-py3-none-any.whl", hash = "sha256:a660a38ed86d45970603e4f3b4877c7ba947668386a896fb5d9589c17e7b8407"},
]

[[package]]
name = "types-setuptools"
version = "80.9.0.20250822"
description = "Typing stubs for setuptools"
optional = false
python-versions = ">=3.9"
groups = ["main"]
files = [
    {file = "types_setuptools-80.9.0.20250822-py3-none-any.whl", hash = "sha256:53bf881cb9d7e46ed12c76ef76c0aaf28cfe6211d3fab12e0b83620b1a8642c3"},
    {file = "types_setuptools-80.9.0.20250822.tar.gz", hash = "sha256:070ea7716968ec67a84c7f7768d9952ff24d28b65b6594797a464f1b3066f965"},
]

[metadata]
lock-version = "2.1"
python-versions = "^3.11"
content-hash = "8077827c80df92eca3451eed8ceb883a8fd85c9d5c7a1a39d5b04020c1beb44f"
