# This file is automatically @generated by Poetry 2.1.3 and should not be changed by hand.

[[package]]
name = "types-pytz"
version = "2025.2.0.20250809"
description = "Typing stubs for pytz"
optional = false
python-versions = ">=3.9"
groups = ["main"]
files = [
    {file = "types_pytz-2025.2.0.20250809-py3-none-any.whl", hash = "sha256:4f55ed1b43e925cf851a756fe1707e0f5deeb1976e15bf844bcaa025e8fbd0db"},
    {file = "types_pytz-2025.2.0.20250809.tar.gz", hash = "sha256:222e32e6a29bb28871f8834e8785e3801f2dc4441c715cd2082b271eecbe21e5"},
]

[[package]]
name = "types-setuptools"
version = "69.0.0.20240115"
description = "Typing stubs for setuptools"
optional = false
python-versions = ">=3.8"
groups = ["main"]
files = [
    {file = "types-setuptools-69.0.0.20240115.tar.gz", hash = "sha256:1a9c863899f40cbe2053d0cd1d00ddef0330b492335467d018f73c1fec9462a3"},
    {file = "types_setuptools-69.0.0.20240115-py3-none-any.whl", hash = "sha256:7409e774c69e1810cb45052dbaed839fc30302e86a3ff945172ef2a2e7ab46f8"},
]

[metadata]
lock-version = "2.1"
python-versions = "^3.11"
content-hash = "ab985e0d1f532d3ac65028ac5b53bfc0dcae1a1ab15f3e8a3126742b5c32a166"
