# This file is automatically @generated by Poetry 2.1.1 and should not be changed by hand.

[[package]]
name = "types-pytz"
version = "2023.3.1.0"
description = "Typing stubs for pytz"
optional = false
python-versions = "*"
groups = ["main"]
files = [
    {file = "types-pytz-2023.3.1.0.tar.gz", hash = "sha256:8e7d2198cba44a72df7628887c90f68a568e1445f14db64631af50c3cab8c090"},
    {file = "types_pytz-2023.3.1.0-py3-none-any.whl", hash = "sha256:a660a38ed86d45970603e4f3b4877c7ba947668386a896fb5d9589c17e7b8407"},
]

[[package]]
name = "types-setuptools"
version = "80.9.0.20250529"
description = "Typing stubs for setuptools"
optional = false
python-versions = ">=3.9"
groups = ["main"]
files = [
    {file = "types_setuptools-80.9.0.20250529-py3-none-any.whl", hash = "sha256:00dfcedd73e333a430e10db096e4d46af93faf9314f832f13b6bbe3d6757e95f"},
    {file = "types_setuptools-80.9.0.20250529.tar.gz", hash = "sha256:79e088ba0cba2186c8d6499cbd3e143abb142d28a44b042c28d3148b1e353c91"},
]

[metadata]
lock-version = "2.1"
python-versions = "^3.11"
content-hash = "f6956b3fd36d32a62aaec7865169d8d53e6e861bc51ec625bc54a472b0e16e79"
